<?xml version="1.0" encoding="utf-8"?>
<Project ToolsVersion="4.0" xmlns="http://schemas.microsoft.com/developer/msbuild/2003">
  <ItemGroup>
    <Filter Include="Source Files">
      <UniqueIdentifier>{4FC737F1-C7A5-4376-A066-2A32D752A2FF}</UniqueIdentifier>
      <Extensions>cpp;c;cc;cxx;def;odl;idl;hpj;bat;asm;asmx</Extensions>
    </Filter>
    <Filter Include="Header Files">
      <UniqueIdentifier>{93995380-89BD-4b04-88EB-625FBE52EBFB}</UniqueIdentifier>
      <Extensions>h;hh;hpp;hxx;hm;inl;inc;ipp;xsd</Extensions>
    </Filter>
    <Filter Include="Resource Files">
      <UniqueIdentifier>{67DA6AB6-F800-4c08-8B7A-83BB121AAD01}</UniqueIdentifier>
      <Extensions>rc;ico;cur;bmp;dlg;rc2;rct;bin;rgs;gif;jpg;jpeg;jpe;resx;tiff;tif;png;wav;mfcribbon-ms</Extensions>
    </Filter>
    <Filter Include="Header Files\Solvers">
      <UniqueIdentifier>{887e5548-a313-4beb-845c-d9987f850300}</UniqueIdentifier>
    </Filter>
    <Filter Include="Source Files\Solvers">
      <UniqueIdentifier>{cd35a497-f37d-4ee3-a38a-80f42b8689e9}</UniqueIdentifier>
    </Filter>
    <Filter Include="Header Files\GUI">
      <UniqueIdentifier>{3a8da462-6dc0-4de7-a78d-a75bdee08bdb}</UniqueIdentifier>
    </Filter>
    <Filter Include="Source Files\GUI">
      <UniqueIdentifier>{250f9873-dec7-4e5f-aa48-ba21afb1086f}</UniqueIdentifier>
    </Filter>
  </ItemGroup>
  <ItemGroup>
    <ClCompile Include="Game.cpp">
      <Filter>Source Files</Filter>
    </ClCompile>
    <ClCompile Include="main.cpp">
      <Filter>Source Files</Filter>
    </ClCompile>
    <ClCompile Include="XBox360Controller.cpp">
      <Filter>Source Files</Filter>
    </ClCompile>
    <ClCompile Include="Mathematician.cpp">
      <Filter>Source Files\Solvers</Filter>
    </ClCompile>
    <ClCompile Include="BasicSolver.cpp">
      <Filter>Source Files\Solvers</Filter>
    </ClCompile>
    <ClCompile Include="MazeSolver.cpp">
      <Filter>Source Files\Solvers</Filter>
    </ClCompile>
    <ClCompile Include="Cartographer.cpp">
      <Filter>Source Files\Solvers</Filter>
    </ClCompile>
    <ClCompile Include="Button.cpp">
      <Filter>Source Files\GUI</Filter>
    </ClCompile>
    <ClCompile Include="GUI.cpp">
      <Filter>Source Files\GUI</Filter>
    </ClCompile>
    <ClCompile Include="MazeGenerator.cpp">
      <Filter>Source Files</Filter>
    </ClCompile>
  </ItemGroup>
  <ItemGroup>
    <ClInclude Include="Game.h">
      <Filter>Header Files</Filter>
    </ClInclude>
    <ClInclude Include="Globals.h">
      <Filter>Header Files</Filter>
    </ClInclude>
    <ClInclude Include="XBox360Controller.h">
      <Filter>Header Files</Filter>
    </ClInclude>
    <ClInclude Include="Cursor.h">
      <Filter>Header Files</Filter>
    </ClInclude>
    <ClInclude Include="BasicSolver.h">
      <Filter>Header Files\Solvers</Filter>
    </ClInclude>
    <ClInclude Include="MazeSolver.h">
      <Filter>Header Files\Solvers</Filter>
    </ClInclude>
    <ClInclude Include="Mathematician.h">
      <Filter>Header Files\Solvers</Filter>
    </ClInclude>
    <ClInclude Include="Cartographer.h">
      <Filter>Header Files\Solvers</Filter>
    </ClInclude>
    <ClInclude Include="GUI.h">
      <Filter>Header Files\GUI</Filter>
    </ClInclude>
    <ClInclude Include="Button.h">
      <Filter>Header Files\GUI</Filter>
    </ClInclude>
    <ClInclude Include="MazeGenerator.h">
      <Filter>Header Files</Filter>
    </ClInclude>
  </ItemGroup>
  <ItemGroup>
    <Font Include="ASSETS\FONTS\arial.ttf">
      <Filter>Resource Files</Filter>
    </Font>
  </ItemGroup>
  <ItemGroup>
    <Image Include="ASSETS\IMAGES\characters.png">
      <Filter>Resource Files</Filter>
    </Image>
    <Image Include="ASSETS\IMAGES\cursors.png">
      <Filter>Resource Files</Filter>
    </Image>
    <Image Include="ASSETS\IMAGES\icons.png">
      <Filter>Resource Files</Filter>
    </Image>
    <Image Include="ASSETS\IMAGES\terrain_atlas.png">
      <Filter>Resource Files</Filter>
    </Image>
  </ItemGroup>
</Project>